
Microsoft Visual Studio Solution File, Format Version 12.00
# Visual Studio Version 16
VisualStudioVersion = 16.0.32126.315
MinimumVisualStudioVersion = 10.0.40219.1
Project("{9A19103F-16F7-4668-BE54-9A1E7A4F7556}") = "AuthServer", "AuthServer.csproj", "{D749488B-6780-40EA-B14F-3431F0171FBA}"
EndProject
Project("{9A19103F-16F7-4668-BE54-9A1E7A4F7556}") = "JobsApi", "..\JobsApi\JobsApi.csproj", "{15C85905-4F61-49BB-8606-19A1F710051E}"
EndProject
Project("{FAE04EC0-301F-11D3-BF4B-00C04F79EFBC}") = "MvcWebClient", "..\MvcWebClient\MvcWebClient.csproj", "{6F3F0F39-BDB6-4DC2-8CB0-8D02E44199C2}"
EndProject
Global
	GlobalSection(SolutionConfigurationPlatforms) = preSolution
		Debug|Any CPU = Debug|Any CPU
		Release|Any CPU = Release|Any CPU
	EndGlobalSection
	GlobalSection(ProjectConfigurationPlatforms) = postSolution
		{D749488B-6780-40EA-B14F-3431F0171FBA}.Debug|Any CPU.ActiveCfg = Debug|Any CPU
		{D749488B-6780-40EA-B14F-3431F0171FBA}.Debug|Any CPU.Build.0 = Debug|Any CPU
		{D749488B-6780-40EA-B14F-3431F0171FBA}.Release|Any CPU.ActiveCfg = Release|Any CPU
		{D749488B-6780-40EA-B14F-3431F0171FBA}.Release|Any CPU.Build.0 = Release|Any CPU
		{15C85905-4F61-49BB-8606-19A1F710051E}.Debug|Any CPU.ActiveCfg = Debug|Any CPU
		{15C85905-4F61-49BB-8606-19A1F710051E}.Debug|Any CPU.Build.0 = Debug|Any CPU
		{15C85905-4F61-49BB-8606-19A1F710051E}.Release|Any CPU.ActiveCfg = Release|Any CPU
		{15C85905-4F61-49BB-8606-19A1F710051E}.Release|Any CPU.Build.0 = Release|Any CPU
		{6F3F0F39-BDB6-4DC2-8CB0-8D02E44199C2}.Debug|Any CPU.ActiveCfg = Debug|Any CPU
		{6F3F0F39-BDB6-4DC2-8CB0-8D02E44199C2}.Debug|Any CPU.Build.0 = Debug|Any CPU
		{6F3F0F39-BDB6-4DC2-8CB0-8D02E44199C2}.Release|Any CPU.ActiveCfg = Release|Any CPU
		{6F3F0F39-BDB6-4DC2-8CB0-8D02E44199C2}.Release|Any CPU.Build.0 = Release|Any CPU
	EndGlobalSection
	GlobalSection(SolutionProperties) = preSolution
		HideSolutionNode = FALSE
	EndGlobalSection
	GlobalSection(ExtensibilityGlobals) = postSolution
		SolutionGuid = {B36409D5-777C-483F-BF90-904E5D5653FA}
	EndGlobalSection
EndGlobal
